{
    "_meta": {
        "hash": {
            "sha256": "d6332938f224cae3e8178e92c76254d3aa0143f6e0d5f16e4a8b4c2d8e0325bd"
        },
        "pipfile-spec": 6,
        "requires": {
            "python_version": "2.7"
        },
        "sources": [
            {
                "name": "pypi",
                "url": "https://pypi.python.org/simple",
                "verify_ssl": true
            }
        ]
    },
    "default": {
        "colorama": {
            "hashes": [
                "sha256:05eed71e2e327246ad6b38c540c4a3117230b19679b875190486ddd2d721422d",
                "sha256:f8ac84de7840f5b9c4e3347b3c1eaa50f7e49c2b07596221daec5edaabbd7c48"
            ],
            "version": "==0.4.1"
        },
        "enum34": {
            "hashes": [
                "sha256:2d81cbbe0e73112bdfe6ef8576f2238f2ba27dd0d55752a776c41d38b7da2850",
                "sha256:644837f692e5f550741432dd3f223bbb9852018674981b1664e5dc339387588a",
                "sha256:6bd0f6ad48ec2aa117d3d141940d484deccda84d4fcd884f5c3d93c23ecd8c79",
                "sha256:8ad8c4783bf61ded74527bffb48ed9b54166685e4230386a9ed9b1279e2df5b1"
            ],
            "version": "==1.1.6"
        },
        "future": {
            "hashes": [
                "sha256:67045236dcfd6816dc439556d009594abf643e5eb48992e36beac09c2ca659b8"
            ],
            "version": "==0.17.1"
        },
        "hidapi": {
            "hashes": [
                "sha256:1ac170f4d601c340f2cd52fd06e85c5e77bad7ceac811a7bb54b529f7dc28c24",
                "sha256:6424ad75da0021ce8c1bcd78056a04adada303eff3c561f8d132b85d0a914cb3",
                "sha256:8d3be666f464347022e2b47caf9132287885d9eacc7895314fc8fefcb4e42946",
                "sha256:92878bad7324dee619b7832fbfc60b5360d378aa7c5addbfef0a410d8fd342c7",
                "sha256:b4b1f6aff0192e9be153fe07c1b7576cb7a1ff52e78e3f76d867be95301a8e87",
                "sha256:bf03f06f586ce7d8aeb697a94b7dba12dc9271aae92d7a8d4486360ff711a660",
                "sha256:c76de162937326fcd57aa399f94939ce726242323e65c15c67e183da1f6c26f7",
                "sha256:d4ad1e46aef98783a9e6274d523b8b1e766acfc3d72828cd44a337564d984cfa",
                "sha256:d4b5787a04613503357606bb10e59c3e2c1114fa00ee328b838dd257f41cbd7b",
                "sha256:e0be1aa6566979266a8fc845ab0e18613f4918cf2c977fe67050f5dc7e2a9a97",
                "sha256:edfb16b16a298717cf05b8c8a9ad1828b6ff3de5e93048ceccd74e6ae4ff0922"
            ],
            "version": "==0.7.99.post21"
        },
        "intelhex": {
            "hashes": [
                "sha256:009d8511e0d50639230c39af9607deee771cf026f67ef7507a8c3fd4fa927832",
                "sha256:714c4b3f68a113005f54bc86ba3b0f47df41626fedb60eded966310bbee611b2"
            ],
            "index": "pypi",
            "version": "==2.2.1"
        },
        "intervaltree": {
            "hashes": [
                "sha256:aca5804b88f70cb49050c37b6de59090570f77a75aec1932966cf69f6a48810b"
            ],
            "version": "==2.1.0"
        },
        "pyelftools": {
            "hashes": [
                "sha256:89c6da6f56280c37a5ff33468591ba9a124e17d71fe42de971818cbff46c1b24"
            ],
            "version": "==0.25"
        },
        "pyocd": {
            "hashes": [
                "sha256:9c79f0734e2ccafcc50264f309b548f9a8f1ea9b31b867eb0150986647d0627c"
            ],
            "index": "pypi",
            "version": "==0.12.0"
        },
        "setuptools-scm": {
            "hashes": [
                "sha256:1191f2a136b5e86f7ca8ab00a97ef7aef997131f1f6d4971be69a1ef387d8b40",
                "sha256:14db63c379b69393e9581df438e761b10d2d4060ae81b22a910d87751c0dc15a",
                "sha256:5be82a2168dcac8994b6db467c101019424b475e6239ec347dc719df08e6baf9",
                "sha256:7eb101cc7412b1a2d2be9a9996508e147f91648bf2fee6222d476639b48626f5",
                "sha256:c9e9e5ca820bc26793e55a06af56ad180aec3c355b77dc52959efcecda5af2d5",
                "sha256:cc6953d224a22f10e933fa2f55c95979317c55259016adcf93310ba2997febfa"
            ],
            "index": "pypi",
            "version": "==3.1.0"
        },
        "six": {
            "hashes": [
                "sha256:70e8a77beed4562e7f14fe23a786b54f6296e34344c23bc42f07b15018ff98e9",
                "sha256:832dc0e10feb1aa2c68dcc57dbb658f1c7e65b9b61af69048abc87a2db00a0eb"
            ],
            "version": "==1.11.0"
        },
        "sortedcontainers": {
            "hashes": [
                "sha256:974e9a32f56b17c1bac2aebd9dcf197f3eb9cd30553c5852a3187ad162e1a03a",
                "sha256:d9e96492dd51fae31e60837736b38fe42a187b5404c16606ff7ee7cd582d4c60"
            ],
            "version": "==2.1.0"
        },
        "uflash": {
            "hashes": [
                "sha256:25c663c7a35e767d59e46ef3e37f87807650fd36ab9e6977deb20f715ba418e5"
            ],
            "index": "pypi",
            "version": "==1.2.0"
        },
        "websocket-client": {
            "hashes": [
                "sha256:8c8bf2d4f800c3ed952df206b18c28f7070d9e3dcbd6ca6291127574f57ee786",
                "sha256:e51562c91ddb8148e791f0155fdb01325d99bb52c4cdbb291aee7a3563fd0849"
            ],
            "version": "==0.54.0"
        }
    },
    "develop": {
        "altgraph": {
            "hashes": [
                "sha256:d6814989f242b2b43025cba7161fc1b8fb487a62cd49c49245d6fd01c18ac997",
                "sha256:ddf5320017147ba7b810198e0b6619bd7b5563aa034da388cea8546b877f9b0c"
            ],
            "version": "==0.16.1"
        },
        "dis3": {
            "hashes": [
                "sha256:675fec228b7d7258c5f2ae527dd7d9e6799b86f5066e76d89ac3ef5455f4266c",
                "sha256:b98e5a9e3d8df54396219c0093fed1454416cec2b74ec15dc63e6a72b3bab94a"
            ],
            "version": "==0.1.2"
        },
        "future": {
            "hashes": [
                "sha256:67045236dcfd6816dc439556d009594abf643e5eb48992e36beac09c2ca659b8"
            ],
            "version": "==0.17.1"
        },
        "macholib": {
            "hashes": [
                "sha256:ac02d29898cf66f27510d8f39e9112ae00590adb4a48ec57b25028d6962b1ae1",
                "sha256:c4180ffc6f909bf8db6cd81cff4b6f601d575568f4d5dee148c830e9851eb9db"
            ],
            "version": "==1.11"
        },
        "pefile": {
            "hashes": [
                "sha256:4c5b7e2de0c8cb6c504592167acf83115cbbde01fe4a507c16a1422850e86cd6"
            ],
            "version": "==2018.8.8"
        },
        "pyinstaller": {
            "hashes": [
                "sha256:a5a6e04a66abfcf8761e89a2ebad937919c6be33a7b8963e1a961b55cb35986b"
            ],
            "index": "pypi",
            "version": "==3.4"
        }
    }
}
